
Microsoft Visual Studio Solution File, Format Version 12.00
# Visual Studio Version 17
VisualStudioVersion = 17.2.32630.192
MinimumVisualStudioVersion = 10.0.40219.1
Project("{FAE04EC0-301F-11D3-BF4B-00C04F79EFBC}") = "cdma-folders-manager", "cdma-folders-manager\cdma-folders-manager.csproj", "{609F1C93-3DA7-4F5D-8950-DBCD19F50B0C}"
EndProject
Global
	GlobalSection(SolutionConfigurationPlatforms) = preSolution
		Debug|Any CPU = Debug|Any CPU
		Release|Any CPU = Release|Any CPU
	EndGlobalSection
	GlobalSection(ProjectConfigurationPlatforms) = postSolution
		{609F1C93-3DA7-4F5D-8950-DBCD19F50B0C}.Debug|Any CPU.ActiveCfg = Debug|Any CPU
		{609F1C93-3DA7-4F5D-8950-DBCD19F50B0C}.Debug|Any CPU.Build.0 = Debug|Any CPU
		{609F1C93-3DA7-4F5D-8950-DBCD19F50B0C}.Release|Any CPU.ActiveCfg = Release|Any CPU
		{609F1C93-3DA7-4F5D-8950-DBCD19F50B0C}.Release|Any CPU.Build.0 = Release|Any CPU
	EndGlobalSection
	GlobalSection(SolutionProperties) = preSolution
		HideSolutionNode = FALSE
	EndGlobalSection
	GlobalSection(ExtensibilityGlobals) = postSolution
		SolutionGuid = {2176C19B-CD53-4E88-AAAE-E5CEB6A93EF5}
	EndGlobalSection
EndGlobal
